
Microsoft Visual Studio Solution File, Format Version 12.00
# Visual Studio 15
VisualStudioVersion = 15.0.27703.2000
MinimumVisualStudioVersion = 10.0.40219.1
Project("{FAE04EC0-301F-11D3-BF4B-00C04F79EFBC}") = "BeatSaberMultiplayerSteam", "BeatSaberMultiplayer\BeatSaberMultiplayerSteam.csproj", "{19E76954-2EBA-4761-8AD4-1425CC29EC0E}"
EndProject
Project("{FAE04EC0-301F-11D3-BF4B-00C04F79EFBC}") = "BeatSaberMultiplayerServer", "BeatSaberMultiplayerServer\BeatSaberMultiplayerServer.csproj", "{7832C979-B719-4067-B319-DD1AD4FA3B28}"
EndProject
Project("{FAE04EC0-301F-11D3-BF4B-00C04F79EFBC}") = "BeatSaberMultiplayerOculus", "BeatSaberMultiplayerOculus\BeatSaberMultiplayerOculus.csproj", "{04E212DA-1286-4C93-8179-A6E9780EAC5A}"
EndProject
Global
	GlobalSection(SolutionConfigurationPlatforms) = preSolution
		Debug|Any CPU = Debug|Any CPU
		Release|Any CPU = Release|Any CPU
	EndGlobalSection
	GlobalSection(ProjectConfigurationPlatforms) = postSolution
		{19E76954-2EBA-4761-8AD4-1425CC29EC0E}.Debug|Any CPU.ActiveCfg = Debug|Any CPU
		{19E76954-2EBA-4761-8AD4-1425CC29EC0E}.Debug|Any CPU.Build.0 = Debug|Any CPU
		{19E76954-2EBA-4761-8AD4-1425CC29EC0E}.Release|Any CPU.ActiveCfg = Release|Any CPU
		{19E76954-2EBA-4761-8AD4-1425CC29EC0E}.Release|Any CPU.Build.0 = Release|Any CPU
		{7832C979-B719-4067-B319-DD1AD4FA3B28}.Debug|Any CPU.ActiveCfg = Debug|Any CPU
		{7832C979-B719-4067-B319-DD1AD4FA3B28}.Debug|Any CPU.Build.0 = Debug|Any CPU
		{7832C979-B719-4067-B319-DD1AD4FA3B28}.Release|Any CPU.ActiveCfg = Release|Any CPU
		{7832C979-B719-4067-B319-DD1AD4FA3B28}.Release|Any CPU.Build.0 = Release|Any CPU
		{04E212DA-1286-4C93-8179-A6E9780EAC5A}.Debug|Any CPU.ActiveCfg = Debug|Any CPU
		{04E212DA-1286-4C93-8179-A6E9780EAC5A}.Debug|Any CPU.Build.0 = Debug|Any CPU
		{04E212DA-1286-4C93-8179-A6E9780EAC5A}.Release|Any CPU.ActiveCfg = Release|Any CPU
		{04E212DA-1286-4C93-8179-A6E9780EAC5A}.Release|Any CPU.Build.0 = Release|Any CPU
	EndGlobalSection
	GlobalSection(SolutionProperties) = preSolution
		HideSolutionNode = FALSE
	EndGlobalSection
	GlobalSection(ExtensibilityGlobals) = postSolution
		SolutionGuid = {F37F16FB-5FBB-4EA3-8A28-4A443D2DC6AC}
	EndGlobalSection
EndGlobal
